<?xml version="1.0" encoding="utf-8"?>
<Project ToolsVersion="14.0" xmlns="http://schemas.microsoft.com/developer/msbuild/2003">
  <ItemGroup>
    <Filter Include="Source Files">
      <UniqueIdentifier>{B2395BC7-EC6C-34CD-9009-D4C7A2719708}</UniqueIdentifier>
    </Filter>
  </ItemGroup>
  <ItemGroup>
    <ClCompile Include="$(SrcDir)\crypto\camellia\camellia.c"><Filter>Source Files</Filter></ClCompile>
    <ClCompile Include="$(SrcDir)\crypto\camellia\cmll_cbc.c"><Filter>Source Files</Filter></ClCompile>
    <ClCompile Include="$(SrcDir)\crypto\rc4\rc4_enc.c"><Filter>Source Files</Filter></ClCompile>
    <ClCompile Include="$(SrcDir)\crypto\rc4\rc4_skey.c"><Filter>Source Files</Filter></ClCompile>
    <ClCompile Include="$(SrcDir)\crypto\whrlpool\wp_block.c"><Filter>Source Files</Filter></ClCompile>
    <ClCompile Include="$(SrcDir)\crypto\cpt_err.c"><Filter>Source Files</Filter></ClCompile>
    <ClCompile Include="$(SrcDir)\crypto\cryptlib.c"><Filter>Source Files</Filter></ClCompile>
    <ClCompile Include="$(SrcDir)\crypto\cversion.c"><Filter>Source Files</Filter></ClCompile>
    <ClCompile Include="$(SrcDir)\crypto\ex_data.c"><Filter>Source Files</Filter></ClCompile>
    <ClCompile Include="$(SrcDir)\crypto\malloc-wrapper.c"><Filter>Source Files</Filter></ClCompile>
    <ClCompile Include="$(SrcDir)\crypto\mem_clr.c"><Filter>Source Files</Filter></ClCompile>
    <ClCompile Include="$(SrcDir)\crypto\mem_dbg.c"><Filter>Source Files</Filter></ClCompile>
    <ClCompile Include="$(SrcDir)\crypto\o_init.c"><Filter>Source Files</Filter></ClCompile>
    <ClCompile Include="$(SrcDir)\crypto\o_str.c"><Filter>Source Files</Filter></ClCompile>
    <ClCompile Include="$(SrcDir)\crypto\o_time.c"><Filter>Source Files</Filter></ClCompile>
    <ClCompile Include="$(SrcDir)\crypto\asn1\bio_ndef.c"><Filter>Source Files</Filter></ClCompile>
    <ClCompile Include="$(SrcDir)\crypto\asn1\evp_asn1.c"><Filter>Source Files</Filter></ClCompile>
    <ClCompile Include="$(SrcDir)\crypto\asn1\f_enum.c"><Filter>Source Files</Filter></ClCompile>
    <ClCompile Include="$(SrcDir)\crypto\asn1\f_int.c"><Filter>Source Files</Filter></ClCompile>
    <ClCompile Include="$(SrcDir)\crypto\asn1\f_string.c"><Filter>Source Files</Filter></ClCompile>
    <ClCompile Include="$(SrcDir)\crypto\asn1\i2d_pr.c"><Filter>Source Files</Filter></ClCompile>
    <ClCompile Include="$(SrcDir)\crypto\asn1\i2d_pu.c"><Filter>Source Files</Filter></ClCompile>
    <ClCompile Include="$(SrcDir)\crypto\asn1\n_pkey.c"><Filter>Source Files</Filter></ClCompile>
    <ClCompile Include="$(SrcDir)\crypto\asn1\nsseq.c"><Filter>Source Files</Filter></ClCompile>
    <ClCompile Include="$(SrcDir)\crypto\asn1\p5_pbe.c"><Filter>Source Files</Filter></ClCompile>
    <ClCompile Include="$(SrcDir)\crypto\asn1\p5_pbev2.c"><Filter>Source Files</Filter></ClCompile>
    <ClCompile Include="$(SrcDir)\crypto\asn1\p8_pkey.c"><Filter>Source Files</Filter></ClCompile>
    <ClCompile Include="$(SrcDir)\crypto\asn1\t_bitst.c"><Filter>Source Files</Filter></ClCompile>
    <ClCompile Include="$(SrcDir)\crypto\asn1\t_crl.c"><Filter>Source Files</Filter></ClCompile>
    <ClCompile Include="$(SrcDir)\crypto\asn1\t_pkey.c"><Filter>Source Files</Filter></ClCompile>
    <ClCompile Include="$(SrcDir)\crypto\asn1\t_req.c"><Filter>Source Files</Filter></ClCompile>
    <ClCompile Include="$(SrcDir)\crypto\asn1\t_spki.c"><Filter>Source Files</Filter></ClCompile>
    <ClCompile Include="$(SrcDir)\crypto\asn1\t_x509.c"><Filter>Source Files</Filter></ClCompile>
    <ClCompile Include="$(SrcDir)\crypto\asn1\t_x509a.c"><Filter>Source Files</Filter></ClCompile>
    <ClCompile Include="$(SrcDir)\crypto\asn1\tasn_dec.c"><Filter>Source Files</Filter></ClCompile>
    <ClCompile Include="$(SrcDir)\crypto\asn1\tasn_enc.c"><Filter>Source Files</Filter></ClCompile>
    <ClCompile Include="$(SrcDir)\crypto\asn1\tasn_fre.c"><Filter>Source Files</Filter></ClCompile>
    <ClCompile Include="$(SrcDir)\crypto\asn1\tasn_new.c"><Filter>Source Files</Filter></ClCompile>
    <ClCompile Include="$(SrcDir)\crypto\asn1\tasn_prn.c"><Filter>Source Files</Filter></ClCompile>
    <ClCompile Include="$(SrcDir)\crypto\asn1\tasn_typ.c"><Filter>Source Files</Filter></ClCompile>
    <ClCompile Include="$(SrcDir)\crypto\asn1\tasn_utl.c"><Filter>Source Files</Filter></ClCompile>
    <ClCompile Include="$(SrcDir)\crypto\asn1\x_algor.c"><Filter>Source Files</Filter></ClCompile>
    <ClCompile Include="$(SrcDir)\crypto\asn1\x_attrib.c"><Filter>Source Files</Filter></ClCompile>
    <ClCompile Include="$(SrcDir)\crypto\asn1\x_bignum.c"><Filter>Source Files</Filter></ClCompile>
    <ClCompile Include="$(SrcDir)\crypto\asn1\x_crl.c"><Filter>Source Files</Filter></ClCompile>
    <ClCompile Include="$(SrcDir)\crypto\asn1\x_exten.c"><Filter>Source Files</Filter></ClCompile>
    <ClCompile Include="$(SrcDir)\crypto\asn1\x_info.c"><Filter>Source Files</Filter></ClCompile>
    <ClCompile Include="$(SrcDir)\crypto\asn1\x_long.c"><Filter>Source Files</Filter></ClCompile>
    <ClCompile Include="$(SrcDir)\crypto\asn1\x_name.c"><Filter>Source Files</Filter></ClCompile>
    <ClCompile Include="$(SrcDir)\crypto\asn1\x_nx509.c"><Filter>Source Files</Filter></ClCompile>
    <ClCompile Include="$(SrcDir)\crypto\asn1\x_pkey.c"><Filter>Source Files</Filter></ClCompile>
    <ClCompile Include="$(SrcDir)\crypto\asn1\x_pubkey.c"><Filter>Source Files</Filter></ClCompile>
    <ClCompile Include="$(SrcDir)\crypto\asn1\x_req.c"><Filter>Source Files</Filter></ClCompile>
    <ClCompile Include="$(SrcDir)\crypto\asn1\x_sig.c"><Filter>Source Files</Filter></ClCompile>
    <ClCompile Include="$(SrcDir)\crypto\asn1\x_spki.c"><Filter>Source Files</Filter></ClCompile>
    <ClCompile Include="$(SrcDir)\crypto\asn1\x_val.c"><Filter>Source Files</Filter></ClCompile>
    <ClCompile Include="$(SrcDir)\crypto\asn1\x_x509.c"><Filter>Source Files</Filter></ClCompile>
    <ClCompile Include="$(SrcDir)\crypto\asn1\x_x509a.c"><Filter>Source Files</Filter></ClCompile>
    <ClCompile Include="$(SrcDir)\crypto\bf\bf_cfb64.c"><Filter>Source Files</Filter></ClCompile>
    <ClCompile Include="$(SrcDir)\crypto\bf\bf_ecb.c"><Filter>Source Files</Filter></ClCompile>
    <ClCompile Include="$(SrcDir)\crypto\bf\bf_enc.c"><Filter>Source Files</Filter></ClCompile>
    <ClCompile Include="$(SrcDir)\crypto\bf\bf_ofb64.c"><Filter>Source Files</Filter></ClCompile>
    <ClCompile Include="$(SrcDir)\crypto\bf\bf_skey.c"><Filter>Source Files</Filter></ClCompile>
    <ClCompile Include="$(SrcDir)\crypto\bio\b_dump.c"><Filter>Source Files</Filter></ClCompile>
    <ClCompile Include="$(SrcDir)\crypto\bio\b_print.c"><Filter>Source Files</Filter></ClCompile>
    <ClCompile Include="$(SrcDir)\crypto\bio\b_sock.c"><Filter>Source Files</Filter></ClCompile>
    <ClCompile Include="$(SrcDir)\crypto\bio\bf_buff.c"><Filter>Source Files</Filter></ClCompile>
    <ClCompile Include="$(SrcDir)\crypto\bio\bf_nbio.c"><Filter>Source Files</Filter></ClCompile>
    <ClCompile Include="$(SrcDir)\crypto\bio\bf_null.c"><Filter>Source Files</Filter></ClCompile>
    <ClCompile Include="$(SrcDir)\crypto\bio\bio_cb.c"><Filter>Source Files</Filter></ClCompile>
    <ClCompile Include="$(SrcDir)\crypto\bio\bio_err.c"><Filter>Source Files</Filter></ClCompile>
    <ClCompile Include="$(SrcDir)\crypto\bio\bio_lib.c"><Filter>Source Files</Filter></ClCompile>
    <ClCompile Include="$(SrcDir)\crypto\bio\bss_acpt.c"><Filter>Source Files</Filter></ClCompile>
    <ClCompile Include="$(SrcDir)\crypto\bio\bss_bio.c"><Filter>Source Files</Filter></ClCompile>
    <ClCompile Include="$(SrcDir)\crypto\bio\bss_conn.c"><Filter>Source Files</Filter></ClCompile>
    <ClCompile Include="$(SrcDir)\crypto\bio\bss_dgram.c"><Filter>Source Files</Filter></ClCompile>
    <ClCompile Include="$(SrcDir)\crypto\bio\bss_fd.c"><Filter>Source Files</Filter></ClCompile>
    <ClCompile Include="$(SrcDir)\crypto\bio\bss_file.c"><Filter>Source Files</Filter></ClCompile>
    <ClCompile Include="$(SrcDir)\crypto\bio\bss_mem.c"><Filter>Source Files</Filter></ClCompile>
    <ClCompile Include="$(SrcDir)\crypto\bio\bss_null.c"><Filter>Source Files</Filter></ClCompile>
    <ClCompile Include="$(SrcDir)\crypto\bio\bss_sock.c"><Filter>Source Files</Filter></ClCompile>
    <ClCompile Include="$(SrcDir)\crypto\bn\bn_add.c"><Filter>Source Files</Filter></ClCompile>
    <ClCompile Include="$(SrcDir)\crypto\bn\bn_asm.c"><Filter>Source Files</Filter></ClCompile>
    <ClCompile Include="$(SrcDir)\crypto\bn\bn_blind.c"><Filter>Source Files</Filter></ClCompile>
    <ClCompile Include="$(SrcDir)\crypto\bn\bn_const.c"><Filter>Source Files</Filter></ClCompile>
    <ClCompile Include="$(SrcDir)\crypto\bn\bn_ctx.c"><Filter>Source Files</Filter></ClCompile>
    <ClCompile Include="$(SrcDir)\crypto\bn\bn_depr.c"><Filter>Source Files</Filter></ClCompile>
    <ClCompile Include="$(SrcDir)\crypto\bn\bn_div.c"><Filter>Source Files</Filter></ClCompile>
    <ClCompile Include="$(SrcDir)\crypto\bn\bn_err.c"><Filter>Source Files</Filter></ClCompile>
    <ClCompile Include="$(SrcDir)\crypto\bn\bn_exp.c"><Filter>Source Files</Filter></ClCompile>
    <ClCompile Include="$(SrcDir)\crypto\bn\bn_exp2.c"><Filter>Source Files</Filter></ClCompile>
    <ClCompile Include="$(SrcDir)\crypto\bn\bn_gcd.c"><Filter>Source Files</Filter></ClCompile>
    <ClCompile Include="$(SrcDir)\crypto\bn\bn_gf2m.c"><Filter>Source Files</Filter></ClCompile>
    <ClCompile Include="$(SrcDir)\crypto\bn\bn_kron.c"><Filter>Source Files</Filter></ClCompile>
    <ClCompile Include="$(SrcDir)\crypto\bn\bn_lib.c"><Filter>Source Files</Filter></ClCompile>
    <ClCompile Include="$(SrcDir)\crypto\bn\bn_mod.c"><Filter>Source Files</Filter></ClCompile>
    <ClCompile Include="$(SrcDir)\crypto\bn\bn_mont.c"><Filter>Source Files</Filter></ClCompile>
    <ClCompile Include="$(SrcDir)\crypto\bn\bn_mpi.c"><Filter>Source Files</Filter></ClCompile>
    <ClCompile Include="$(SrcDir)\crypto\bn\bn_mul.c"><Filter>Source Files</Filter></ClCompile>
    <ClCompile Include="$(SrcDir)\crypto\bn\bn_nist.c"><Filter>Source Files</Filter></ClCompile>
    <ClCompile Include="$(SrcDir)\crypto\bn\bn_prime.c"><Filter>Source Files</Filter></ClCompile>
    <ClCompile Include="$(SrcDir)\crypto\bn\bn_print.c"><Filter>Source Files</Filter></ClCompile>
    <ClCompile Include="$(SrcDir)\crypto\bn\bn_rand.c"><Filter>Source Files</Filter></ClCompile>
    <ClCompile Include="$(SrcDir)\crypto\bn\bn_recp.c"><Filter>Source Files</Filter></ClCompile>
    <ClCompile Include="$(SrcDir)\crypto\bn\bn_shift.c"><Filter>Source Files</Filter></ClCompile>
    <ClCompile Include="$(SrcDir)\crypto\bn\bn_sqr.c"><Filter>Source Files</Filter></ClCompile>
    <ClCompile Include="$(SrcDir)\crypto\bn\bn_sqrt.c"><Filter>Source Files</Filter></ClCompile>
    <ClCompile Include="$(SrcDir)\crypto\bn\bn_word.c"><Filter>Source Files</Filter></ClCompile>
    <ClCompile Include="$(SrcDir)\crypto\bn\bn_x931p.c"><Filter>Source Files</Filter></ClCompile>
    <ClCompile Include="$(SrcDir)\crypto\buffer\buf_err.c"><Filter>Source Files</Filter></ClCompile>
    <ClCompile Include="$(SrcDir)\crypto\buffer\buf_str.c"><Filter>Source Files</Filter></ClCompile>
    <ClCompile Include="$(SrcDir)\crypto\buffer\buffer.c"><Filter>Source Files</Filter></ClCompile>
    <ClCompile Include="$(SrcDir)\crypto\camellia\cmll_cfb.c"><Filter>Source Files</Filter></ClCompile>
    <ClCompile Include="$(SrcDir)\crypto\camellia\cmll_ctr.c"><Filter>Source Files</Filter></ClCompile>
    <ClCompile Include="$(SrcDir)\crypto\camellia\cmll_ecb.c"><Filter>Source Files</Filter></ClCompile>
    <ClCompile Include="$(SrcDir)\crypto\camellia\cmll_misc.c"><Filter>Source Files</Filter></ClCompile>
    <ClCompile Include="$(SrcDir)\crypto\camellia\cmll_ofb.c"><Filter>Source Files</Filter></ClCompile>
    <ClCompile Include="$(SrcDir)\crypto\cast\c_cfb64.c"><Filter>Source Files</Filter></ClCompile>
    <ClCompile Include="$(SrcDir)\crypto\cast\c_ecb.c"><Filter>Source Files</Filter></ClCompile>
    <ClCompile Include="$(SrcDir)\crypto\cast\c_enc.c"><Filter>Source Files</Filter></ClCompile>
    <ClCompile Include="$(SrcDir)\crypto\cast\c_ofb64.c"><Filter>Source Files</Filter></ClCompile>
    <ClCompile Include="$(SrcDir)\crypto\cast\c_skey.c"><Filter>Source Files</Filter></ClCompile>
    <ClCompile Include="$(SrcDir)\crypto\chacha\chacha.c"><Filter>Source Files</Filter></ClCompile>
    <ClCompile Include="$(SrcDir)\crypto\cmac\cm_ameth.c"><Filter>Source Files</Filter></ClCompile>
    <ClCompile Include="$(SrcDir)\crypto\cmac\cm_pmeth.c"><Filter>Source Files</Filter></ClCompile>
    <ClCompile Include="$(SrcDir)\crypto\cmac\cmac.c"><Filter>Source Files</Filter></ClCompile>
    <ClCompile Include="$(SrcDir)\crypto\comp\c_rle.c"><Filter>Source Files</Filter></ClCompile>
    <ClCompile Include="$(SrcDir)\crypto\comp\c_zlib.c"><Filter>Source Files</Filter></ClCompile>
    <ClCompile Include="$(SrcDir)\crypto\comp\comp_err.c"><Filter>Source Files</Filter></ClCompile>
    <ClCompile Include="$(SrcDir)\crypto\comp\comp_lib.c"><Filter>Source Files</Filter></ClCompile>
    <ClCompile Include="$(SrcDir)\crypto\conf\conf_api.c"><Filter>Source Files</Filter></ClCompile>
    <ClCompile Include="$(SrcDir)\crypto\conf\conf_def.c"><Filter>Source Files</Filter></ClCompile>
    <ClCompile Include="$(SrcDir)\crypto\conf\conf_err.c"><Filter>Source Files</Filter></ClCompile>
    <ClCompile Include="$(SrcDir)\crypto\conf\conf_lib.c"><Filter>Source Files</Filter></ClCompile>
    <ClCompile Include="$(SrcDir)\crypto\conf\conf_mall.c"><Filter>Source Files</Filter></ClCompile>
    <ClCompile Include="$(SrcDir)\crypto\conf\conf_mod.c"><Filter>Source Files</Filter></ClCompile>
    <ClCompile Include="$(SrcDir)\crypto\conf\conf_sap.c"><Filter>Source Files</Filter></ClCompile>
    <ClCompile Include="$(SrcDir)\crypto\des\cbc_cksm.c"><Filter>Source Files</Filter></ClCompile>
    <ClCompile Include="$(SrcDir)\crypto\des\cbc_enc.c"><Filter>Source Files</Filter></ClCompile>
    <ClCompile Include="$(SrcDir)\crypto\des\cfb64ede.c"><Filter>Source Files</Filter></ClCompile>
    <ClCompile Include="$(SrcDir)\crypto\des\cfb64enc.c"><Filter>Source Files</Filter></ClCompile>
    <ClCompile Include="$(SrcDir)\crypto\des\cfb_enc.c"><Filter>Source Files</Filter></ClCompile>
    <ClCompile Include="$(SrcDir)\crypto\des\des_enc.c"><Filter>Source Files</Filter></ClCompile>
    <ClCompile Include="$(SrcDir)\crypto\des\ecb3_enc.c"><Filter>Source Files</Filter></ClCompile>
    <ClCompile Include="$(SrcDir)\crypto\des\ecb_enc.c"><Filter>Source Files</Filter></ClCompile>
    <ClCompile Include="$(SrcDir)\crypto\des\ede_cbcm_enc.c"><Filter>Source Files</Filter></ClCompile>
    <ClCompile Include="$(SrcDir)\crypto\des\enc_read.c"><Filter>Source Files</Filter></ClCompile>
    <ClCompile Include="$(SrcDir)\crypto\des\enc_writ.c"><Filter>Source Files</Filter></ClCompile>
    <ClCompile Include="$(SrcDir)\crypto\des\fcrypt.c"><Filter>Source Files</Filter></ClCompile>
    <ClCompile Include="$(SrcDir)\crypto\des\fcrypt_b.c"><Filter>Source Files</Filter></ClCompile>
    <ClCompile Include="$(SrcDir)\crypto\des\ofb64ede.c"><Filter>Source Files</Filter></ClCompile>
    <ClCompile Include="$(SrcDir)\crypto\des\ofb64enc.c"><Filter>Source Files</Filter></ClCompile>
    <ClCompile Include="$(SrcDir)\crypto\des\ofb_enc.c"><Filter>Source Files</Filter></ClCompile>
    <ClCompile Include="$(SrcDir)\crypto\des\pcbc_enc.c"><Filter>Source Files</Filter></ClCompile>
    <ClCompile Include="$(SrcDir)\crypto\des\qud_cksm.c"><Filter>Source Files</Filter></ClCompile>
    <ClCompile Include="$(SrcDir)\crypto\des\rand_key.c"><Filter>Source Files</Filter></ClCompile>
    <ClCompile Include="$(SrcDir)\crypto\des\set_key.c"><Filter>Source Files</Filter></ClCompile>
    <ClCompile Include="$(SrcDir)\crypto\des\str2key.c"><Filter>Source Files</Filter></ClCompile>
    <ClCompile Include="$(SrcDir)\crypto\des\xcbc_enc.c"><Filter>Source Files</Filter></ClCompile>
    <ClCompile Include="$(SrcDir)\crypto\dh\dh_ameth.c"><Filter>Source Files</Filter></ClCompile>
    <ClCompile Include="$(SrcDir)\crypto\dh\dh_asn1.c"><Filter>Source Files</Filter></ClCompile>
    <ClCompile Include="$(SrcDir)\crypto\dh\dh_check.c"><Filter>Source Files</Filter></ClCompile>
    <ClCompile Include="$(SrcDir)\crypto\dh\dh_depr.c"><Filter>Source Files</Filter></ClCompile>
    <ClCompile Include="$(SrcDir)\crypto\dh\dh_err.c"><Filter>Source Files</Filter></ClCompile>
    <ClCompile Include="$(SrcDir)\crypto\dh\dh_gen.c"><Filter>Source Files</Filter></ClCompile>
    <ClCompile Include="$(SrcDir)\crypto\dh\dh_key.c"><Filter>Source Files</Filter></ClCompile>
    <ClCompile Include="$(SrcDir)\crypto\dh\dh_lib.c"><Filter>Source Files</Filter></ClCompile>
    <ClCompile Include="$(SrcDir)\crypto\dh\dh_pmeth.c"><Filter>Source Files</Filter></ClCompile>
    <ClCompile Include="$(SrcDir)\crypto\dh\dh_prn.c"><Filter>Source Files</Filter></ClCompile>
    <ClCompile Include="$(SrcDir)\crypto\dsa\dsa_ameth.c"><Filter>Source Files</Filter></ClCompile>
    <ClCompile Include="$(SrcDir)\crypto\dsa\dsa_asn1.c"><Filter>Source Files</Filter></ClCompile>
    <ClCompile Include="$(SrcDir)\crypto\dsa\dsa_depr.c"><Filter>Source Files</Filter></ClCompile>
    <ClCompile Include="$(SrcDir)\crypto\dsa\dsa_err.c"><Filter>Source Files</Filter></ClCompile>
    <ClCompile Include="$(SrcDir)\crypto\dsa\dsa_gen.c"><Filter>Source Files</Filter></ClCompile>
    <ClCompile Include="$(SrcDir)\crypto\dsa\dsa_key.c"><Filter>Source Files</Filter></ClCompile>
    <ClCompile Include="$(SrcDir)\crypto\dsa\dsa_lib.c"><Filter>Source Files</Filter></ClCompile>
    <ClCompile Include="$(SrcDir)\crypto\dsa\dsa_ossl.c"><Filter>Source Files</Filter></ClCompile>
    <ClCompile Include="$(SrcDir)\crypto\dsa\dsa_pmeth.c"><Filter>Source Files</Filter></ClCompile>
    <ClCompile Include="$(SrcDir)\crypto\dsa\dsa_prn.c"><Filter>Source Files</Filter></ClCompile>
    <ClCompile Include="$(SrcDir)\crypto\dsa\dsa_sign.c"><Filter>Source Files</Filter></ClCompile>
    <ClCompile Include="$(SrcDir)\crypto\dsa\dsa_vrf.c"><Filter>Source Files</Filter></ClCompile>
    <ClCompile Include="$(SrcDir)\crypto\dso\dso_dlfcn.c"><Filter>Source Files</Filter></ClCompile>
    <ClCompile Include="$(SrcDir)\crypto\dso\dso_err.c"><Filter>Source Files</Filter></ClCompile>
    <ClCompile Include="$(SrcDir)\crypto\dso\dso_lib.c"><Filter>Source Files</Filter></ClCompile>
    <ClCompile Include="$(SrcDir)\crypto\dso\dso_null.c"><Filter>Source Files</Filter></ClCompile>
    <ClCompile Include="$(SrcDir)\crypto\dso\dso_openssl.c"><Filter>Source Files</Filter></ClCompile>
    <ClCompile Include="$(SrcDir)\crypto\ec\ec2_mult.c"><Filter>Source Files</Filter></ClCompile>
    <ClCompile Include="$(SrcDir)\crypto\ec\ec2_oct.c"><Filter>Source Files</Filter></ClCompile>
    <ClCompile Include="$(SrcDir)\crypto\ec\ec2_smpl.c"><Filter>Source Files</Filter></ClCompile>
    <ClCompile Include="$(SrcDir)\crypto\ec\ec_ameth.c"><Filter>Source Files</Filter></ClCompile>
    <ClCompile Include="$(SrcDir)\crypto\ec\ec_asn1.c"><Filter>Source Files</Filter></ClCompile>
    <ClCompile Include="$(SrcDir)\crypto\ec\ec_check.c"><Filter>Source Files</Filter></ClCompile>
    <ClCompile Include="$(SrcDir)\crypto\ec\ec_curve.c"><Filter>Source Files</Filter></ClCompile>
    <ClCompile Include="$(SrcDir)\crypto\ec\ec_cvt.c"><Filter>Source Files</Filter></ClCompile>
    <ClCompile Include="$(SrcDir)\crypto\ec\ec_err.c"><Filter>Source Files</Filter></ClCompile>
    <ClCompile Include="$(SrcDir)\crypto\ec\ec_key.c"><Filter>Source Files</Filter></ClCompile>
    <ClCompile Include="$(SrcDir)\crypto\ec\ec_lib.c"><Filter>Source Files</Filter></ClCompile>
    <ClCompile Include="$(SrcDir)\crypto\ec\ec_mult.c"><Filter>Source Files</Filter></ClCompile>
    <ClCompile Include="$(SrcDir)\crypto\ec\ec_oct.c"><Filter>Source Files</Filter></ClCompile>
    <ClCompile Include="$(SrcDir)\crypto\ec\ec_pmeth.c"><Filter>Source Files</Filter></ClCompile>
    <ClCompile Include="$(SrcDir)\crypto\ec\ec_print.c"><Filter>Source Files</Filter></ClCompile>
    <ClCompile Include="$(SrcDir)\crypto\ec\eck_prn.c"><Filter>Source Files</Filter></ClCompile>
    <ClCompile Include="$(SrcDir)\crypto\ec\ecp_mont.c"><Filter>Source Files</Filter></ClCompile>
    <ClCompile Include="$(SrcDir)\crypto\ec\ecp_nist.c"><Filter>Source Files</Filter></ClCompile>
    <ClCompile Include="$(SrcDir)\crypto\ec\ecp_oct.c"><Filter>Source Files</Filter></ClCompile>
    <ClCompile Include="$(SrcDir)\crypto\ec\ecp_smpl.c"><Filter>Source Files</Filter></ClCompile>
    <ClCompile Include="$(SrcDir)\crypto\ecdh\ech_err.c"><Filter>Source Files</Filter></ClCompile>
    <ClCompile Include="$(SrcDir)\crypto\ecdh\ech_key.c"><Filter>Source Files</Filter></ClCompile>
    <ClCompile Include="$(SrcDir)\crypto\ecdh\ech_lib.c"><Filter>Source Files</Filter></ClCompile>
    <ClCompile Include="$(SrcDir)\crypto\ecdsa\ecs_asn1.c"><Filter>Source Files</Filter></ClCompile>
    <ClCompile Include="$(SrcDir)\crypto\ecdsa\ecs_err.c"><Filter>Source Files</Filter></ClCompile>
    <ClCompile Include="$(SrcDir)\crypto\ecdsa\ecs_lib.c"><Filter>Source Files</Filter></ClCompile>
    <ClCompile Include="$(SrcDir)\crypto\ecdsa\ecs_ossl.c"><Filter>Source Files</Filter></ClCompile>
    <ClCompile Include="$(SrcDir)\crypto\ecdsa\ecs_sign.c"><Filter>Source Files</Filter></ClCompile>
    <ClCompile Include="$(SrcDir)\crypto\ecdsa\ecs_vrf.c"><Filter>Source Files</Filter></ClCompile>
    <ClCompile Include="$(SrcDir)\crypto\engine\eng_all.c"><Filter>Source Files</Filter></ClCompile>
    <ClCompile Include="$(SrcDir)\crypto\engine\eng_cnf.c"><Filter>Source Files</Filter></ClCompile>
    <ClCompile Include="$(SrcDir)\crypto\engine\eng_ctrl.c"><Filter>Source Files</Filter></ClCompile>
    <ClCompile Include="$(SrcDir)\crypto\engine\eng_dyn.c"><Filter>Source Files</Filter></ClCompile>
    <ClCompile Include="$(SrcDir)\crypto\engine\eng_err.c"><Filter>Source Files</Filter></ClCompile>
    <ClCompile Include="$(SrcDir)\crypto\engine\eng_fat.c"><Filter>Source Files</Filter></ClCompile>
    <ClCompile Include="$(SrcDir)\crypto\engine\eng_init.c"><Filter>Source Files</Filter></ClCompile>
    <ClCompile Include="$(SrcDir)\crypto\engine\eng_lib.c"><Filter>Source Files</Filter></ClCompile>
    <ClCompile Include="$(SrcDir)\crypto\engine\eng_list.c"><Filter>Source Files</Filter></ClCompile>
    <ClCompile Include="$(SrcDir)\crypto\engine\eng_openssl.c"><Filter>Source Files</Filter></ClCompile>
    <ClCompile Include="$(SrcDir)\crypto\engine\eng_pkey.c"><Filter>Source Files</Filter></ClCompile>
    <ClCompile Include="$(SrcDir)\crypto\engine\eng_table.c"><Filter>Source Files</Filter></ClCompile>
    <ClCompile Include="$(SrcDir)\crypto\engine\tb_asnmth.c"><Filter>Source Files</Filter></ClCompile>
    <ClCompile Include="$(SrcDir)\crypto\engine\tb_cipher.c"><Filter>Source Files</Filter></ClCompile>
    <ClCompile Include="$(SrcDir)\crypto\engine\tb_dh.c"><Filter>Source Files</Filter></ClCompile>
    <ClCompile Include="$(SrcDir)\crypto\engine\tb_digest.c"><Filter>Source Files</Filter></ClCompile>
    <ClCompile Include="$(SrcDir)\crypto\engine\tb_dsa.c"><Filter>Source Files</Filter></ClCompile>
    <ClCompile Include="$(SrcDir)\crypto\engine\tb_ecdh.c"><Filter>Source Files</Filter></ClCompile>
    <ClCompile Include="$(SrcDir)\crypto\engine\tb_ecdsa.c"><Filter>Source Files</Filter></ClCompile>
    <ClCompile Include="$(SrcDir)\crypto\engine\tb_pkmeth.c"><Filter>Source Files</Filter></ClCompile>
    <ClCompile Include="$(SrcDir)\crypto\engine\tb_rand.c"><Filter>Source Files</Filter></ClCompile>
    <ClCompile Include="$(SrcDir)\crypto\engine\tb_rsa.c"><Filter>Source Files</Filter></ClCompile>
    <ClCompile Include="$(SrcDir)\crypto\engine\tb_store.c"><Filter>Source Files</Filter></ClCompile>
    <ClCompile Include="$(SrcDir)\crypto\err\err.c"><Filter>Source Files</Filter></ClCompile>
    <ClCompile Include="$(SrcDir)\crypto\err\err_all.c"><Filter>Source Files</Filter></ClCompile>
    <ClCompile Include="$(SrcDir)\crypto\err\err_prn.c"><Filter>Source Files</Filter></ClCompile>
    <ClCompile Include="$(SrcDir)\crypto\evp\bio_enc.c"><Filter>Source Files</Filter></ClCompile>
    <ClCompile Include="$(SrcDir)\crypto\evp\bio_md.c"><Filter>Source Files</Filter></ClCompile>
    <ClCompile Include="$(SrcDir)\crypto\evp\c_all.c"><Filter>Source Files</Filter></ClCompile>
    <ClCompile Include="$(SrcDir)\crypto\evp\digest.c"><Filter>Source Files</Filter></ClCompile>
    <ClCompile Include="$(SrcDir)\crypto\evp\e_aes.c"><Filter>Source Files</Filter></ClCompile>
    <ClCompile Include="$(SrcDir)\crypto\evp\e_aes_cbc_hmac_sha1.c"><Filter>Source Files</Filter></ClCompile>
    <ClCompile Include="$(SrcDir)\crypto\evp\e_bf.c"><Filter>Source Files</Filter></ClCompile>
    <ClCompile Include="$(SrcDir)\crypto\evp\e_camellia.c"><Filter>Source Files</Filter></ClCompile>
    <ClCompile Include="$(SrcDir)\crypto\evp\e_cast.c"><Filter>Source Files</Filter></ClCompile>
    <ClCompile Include="$(SrcDir)\crypto\evp\e_chacha.c"><Filter>Source Files</Filter></ClCompile>
    <ClCompile Include="$(SrcDir)\crypto\evp\e_chacha20poly1305.c"><Filter>Source Files</Filter></ClCompile>
    <ClCompile Include="$(SrcDir)\crypto\evp\e_des.c"><Filter>Source Files</Filter></ClCompile>
    <ClCompile Include="$(SrcDir)\crypto\evp\e_des3.c"><Filter>Source Files</Filter></ClCompile>
    <ClCompile Include="$(SrcDir)\crypto\evp\e_gost2814789.c"><Filter>Source Files</Filter></ClCompile>
    <ClCompile Include="$(SrcDir)\crypto\evp\e_idea.c"><Filter>Source Files</Filter></ClCompile>
    <ClCompile Include="$(SrcDir)\crypto\evp\e_null.c"><Filter>Source Files</Filter></ClCompile>
    <ClCompile Include="$(SrcDir)\crypto\evp\e_old.c"><Filter>Source Files</Filter></ClCompile>
    <ClCompile Include="$(SrcDir)\crypto\evp\e_rc2.c"><Filter>Source Files</Filter></ClCompile>
    <ClCompile Include="$(SrcDir)\crypto\evp\e_rc4.c"><Filter>Source Files</Filter></ClCompile>
    <ClCompile Include="$(SrcDir)\crypto\evp\e_rc4_hmac_md5.c"><Filter>Source Files</Filter></ClCompile>
    <ClCompile Include="$(SrcDir)\crypto\evp\e_xcbc_d.c"><Filter>Source Files</Filter></ClCompile>
    <ClCompile Include="$(SrcDir)\crypto\evp\encode.c"><Filter>Source Files</Filter></ClCompile>
    <ClCompile Include="$(SrcDir)\crypto\evp\evp_aead.c"><Filter>Source Files</Filter></ClCompile>
    <ClCompile Include="$(SrcDir)\crypto\evp\evp_enc.c"><Filter>Source Files</Filter></ClCompile>
    <ClCompile Include="$(SrcDir)\crypto\evp\evp_err.c"><Filter>Source Files</Filter></ClCompile>
    <ClCompile Include="$(SrcDir)\crypto\evp\evp_key.c"><Filter>Source Files</Filter></ClCompile>
    <ClCompile Include="$(SrcDir)\crypto\evp\evp_lib.c"><Filter>Source Files</Filter></ClCompile>
    <ClCompile Include="$(SrcDir)\crypto\evp\evp_pbe.c"><Filter>Source Files</Filter></ClCompile>
    <ClCompile Include="$(SrcDir)\crypto\evp\evp_pkey.c"><Filter>Source Files</Filter></ClCompile>
    <ClCompile Include="$(SrcDir)\crypto\evp\m_dss.c"><Filter>Source Files</Filter></ClCompile>
    <ClCompile Include="$(SrcDir)\crypto\evp\m_dss1.c"><Filter>Source Files</Filter></ClCompile>
    <ClCompile Include="$(SrcDir)\crypto\evp\m_ecdsa.c"><Filter>Source Files</Filter></ClCompile>
    <ClCompile Include="$(SrcDir)\crypto\evp\m_gost2814789.c"><Filter>Source Files</Filter></ClCompile>
    <ClCompile Include="$(SrcDir)\crypto\evp\m_gostr341194.c"><Filter>Source Files</Filter></ClCompile>
    <ClCompile Include="$(SrcDir)\crypto\evp\m_md4.c"><Filter>Source Files</Filter></ClCompile>
    <ClCompile Include="$(SrcDir)\crypto\evp\m_md5.c"><Filter>Source Files</Filter></ClCompile>
    <ClCompile Include="$(SrcDir)\crypto\evp\m_null.c"><Filter>Source Files</Filter></ClCompile>
    <ClCompile Include="$(SrcDir)\crypto\evp\m_ripemd.c"><Filter>Source Files</Filter></ClCompile>
    <ClCompile Include="$(SrcDir)\crypto\evp\m_sha1.c"><Filter>Source Files</Filter></ClCompile>
    <ClCompile Include="$(SrcDir)\crypto\evp\m_sigver.c"><Filter>Source Files</Filter></ClCompile>
    <ClCompile Include="$(SrcDir)\crypto\evp\m_streebog.c"><Filter>Source Files</Filter></ClCompile>
    <ClCompile Include="$(SrcDir)\crypto\evp\m_wp.c"><Filter>Source Files</Filter></ClCompile>
    <ClCompile Include="$(SrcDir)\crypto\evp\names.c"><Filter>Source Files</Filter></ClCompile>
    <ClCompile Include="$(SrcDir)\crypto\evp\p5_crpt.c"><Filter>Source Files</Filter></ClCompile>
    <ClCompile Include="$(SrcDir)\crypto\evp\p5_crpt2.c"><Filter>Source Files</Filter></ClCompile>
    <ClCompile Include="$(SrcDir)\crypto\evp\p_dec.c"><Filter>Source Files</Filter></ClCompile>
    <ClCompile Include="$(SrcDir)\crypto\evp\p_enc.c"><Filter>Source Files</Filter></ClCompile>
    <ClCompile Include="$(SrcDir)\crypto\evp\p_lib.c"><Filter>Source Files</Filter></ClCompile>
    <ClCompile Include="$(SrcDir)\crypto\evp\p_open.c"><Filter>Source Files</Filter></ClCompile>
    <ClCompile Include="$(SrcDir)\crypto\evp\p_seal.c"><Filter>Source Files</Filter></ClCompile>
    <ClCompile Include="$(SrcDir)\crypto\evp\p_sign.c"><Filter>Source Files</Filter></ClCompile>
    <ClCompile Include="$(SrcDir)\crypto\evp\p_verify.c"><Filter>Source Files</Filter></ClCompile>
    <ClCompile Include="$(SrcDir)\crypto\evp\pmeth_fn.c"><Filter>Source Files</Filter></ClCompile>
    <ClCompile Include="$(SrcDir)\crypto\evp\pmeth_gn.c"><Filter>Source Files</Filter></ClCompile>
    <ClCompile Include="$(SrcDir)\crypto\evp\pmeth_lib.c"><Filter>Source Files</Filter></ClCompile>
    <ClCompile Include="$(SrcDir)\crypto\gost\gost2814789.c"><Filter>Source Files</Filter></ClCompile>
    <ClCompile Include="$(SrcDir)\crypto\gost\gost89_keywrap.c"><Filter>Source Files</Filter></ClCompile>
    <ClCompile Include="$(SrcDir)\crypto\gost\gost89_params.c"><Filter>Source Files</Filter></ClCompile>
    <ClCompile Include="$(SrcDir)\crypto\gost\gost89imit_ameth.c"><Filter>Source Files</Filter></ClCompile>
    <ClCompile Include="$(SrcDir)\crypto\gost\gost89imit_pmeth.c"><Filter>Source Files</Filter></ClCompile>
    <ClCompile Include="$(SrcDir)\crypto\gost\gost_asn1.c"><Filter>Source Files</Filter></ClCompile>
    <ClCompile Include="$(SrcDir)\crypto\gost\gost_err.c"><Filter>Source Files</Filter></ClCompile>
    <ClCompile Include="$(SrcDir)\crypto\gost\gostr341001.c"><Filter>Source Files</Filter></ClCompile>
    <ClCompile Include="$(SrcDir)\crypto\gost\gostr341001_ameth.c"><Filter>Source Files</Filter></ClCompile>
    <ClCompile Include="$(SrcDir)\crypto\gost\gostr341001_key.c"><Filter>Source Files</Filter></ClCompile>
    <ClCompile Include="$(SrcDir)\crypto\gost\gostr341001_params.c"><Filter>Source Files</Filter></ClCompile>
    <ClCompile Include="$(SrcDir)\crypto\gost\gostr341001_pmeth.c"><Filter>Source Files</Filter></ClCompile>
    <ClCompile Include="$(SrcDir)\crypto\gost\gostr341194.c"><Filter>Source Files</Filter></ClCompile>
    <ClCompile Include="$(SrcDir)\crypto\gost\streebog.c"><Filter>Source Files</Filter></ClCompile>
    <ClCompile Include="$(SrcDir)\crypto\hmac\hm_ameth.c"><Filter>Source Files</Filter></ClCompile>
    <ClCompile Include="$(SrcDir)\crypto\hmac\hm_pmeth.c"><Filter>Source Files</Filter></ClCompile>
    <ClCompile Include="$(SrcDir)\crypto\hmac\hmac.c"><Filter>Source Files</Filter></ClCompile>
    <ClCompile Include="$(SrcDir)\crypto\idea\i_cbc.c"><Filter>Source Files</Filter></ClCompile>
    <ClCompile Include="$(SrcDir)\crypto\idea\i_cfb64.c"><Filter>Source Files</Filter></ClCompile>
    <ClCompile Include="$(SrcDir)\crypto\idea\i_ecb.c"><Filter>Source Files</Filter></ClCompile>
    <ClCompile Include="$(SrcDir)\crypto\idea\i_ofb64.c"><Filter>Source Files</Filter></ClCompile>
    <ClCompile Include="$(SrcDir)\crypto\idea\i_skey.c"><Filter>Source Files</Filter></ClCompile>
    <ClCompile Include="$(SrcDir)\crypto\lhash\lh_stats.c"><Filter>Source Files</Filter></ClCompile>
    <ClCompile Include="$(SrcDir)\crypto\lhash\lhash.c"><Filter>Source Files</Filter></ClCompile>
    <ClCompile Include="$(SrcDir)\crypto\md4\md4_dgst.c"><Filter>Source Files</Filter></ClCompile>
    <ClCompile Include="$(SrcDir)\crypto\md4\md4_one.c"><Filter>Source Files</Filter></ClCompile>
    <ClCompile Include="$(SrcDir)\crypto\md5\md5_dgst.c"><Filter>Source Files</Filter></ClCompile>
    <ClCompile Include="$(SrcDir)\crypto\md5\md5_one.c"><Filter>Source Files</Filter></ClCompile>
    <ClCompile Include="$(SrcDir)\crypto\modes\cbc128.c"><Filter>Source Files</Filter></ClCompile>
    <ClCompile Include="$(SrcDir)\crypto\modes\ccm128.c"><Filter>Source Files</Filter></ClCompile>
    <ClCompile Include="$(SrcDir)\crypto\modes\cfb128.c"><Filter>Source Files</Filter></ClCompile>
    <ClCompile Include="$(SrcDir)\crypto\modes\ctr128.c"><Filter>Source Files</Filter></ClCompile>
    <ClCompile Include="$(SrcDir)\crypto\modes\cts128.c"><Filter>Source Files</Filter></ClCompile>
    <ClCompile Include="$(SrcDir)\crypto\modes\gcm128.c"><Filter>Source Files</Filter></ClCompile>
    <ClCompile Include="$(SrcDir)\crypto\modes\ofb128.c"><Filter>Source Files</Filter></ClCompile>
    <ClCompile Include="$(SrcDir)\crypto\modes\xts128.c"><Filter>Source Files</Filter></ClCompile>
    <ClCompile Include="$(SrcDir)\crypto\objects\o_names.c"><Filter>Source Files</Filter></ClCompile>
    <ClCompile Include="$(SrcDir)\crypto\objects\obj_dat.c"><Filter>Source Files</Filter></ClCompile>
    <ClCompile Include="$(SrcDir)\crypto\objects\obj_err.c"><Filter>Source Files</Filter></ClCompile>
    <ClCompile Include="$(SrcDir)\crypto\objects\obj_lib.c"><Filter>Source Files</Filter></ClCompile>
    <ClCompile Include="$(SrcDir)\crypto\objects\obj_xref.c"><Filter>Source Files</Filter></ClCompile>
    <ClCompile Include="$(SrcDir)\crypto\ocsp\ocsp_asn.c"><Filter>Source Files</Filter></ClCompile>
    <ClCompile Include="$(SrcDir)\crypto\ocsp\ocsp_cl.c"><Filter>Source Files</Filter></ClCompile>
    <ClCompile Include="$(SrcDir)\crypto\ocsp\ocsp_err.c"><Filter>Source Files</Filter></ClCompile>
    <ClCompile Include="$(SrcDir)\crypto\ocsp\ocsp_ext.c"><Filter>Source Files</Filter></ClCompile>
    <ClCompile Include="$(SrcDir)\crypto\ocsp\ocsp_ht.c"><Filter>Source Files</Filter></ClCompile>
    <ClCompile Include="$(SrcDir)\crypto\ocsp\ocsp_lib.c"><Filter>Source Files</Filter></ClCompile>
    <ClCompile Include="$(SrcDir)\crypto\ocsp\ocsp_prn.c"><Filter>Source Files</Filter></ClCompile>
    <ClCompile Include="$(SrcDir)\crypto\ocsp\ocsp_srv.c"><Filter>Source Files</Filter></ClCompile>
    <ClCompile Include="$(SrcDir)\crypto\ocsp\ocsp_vfy.c"><Filter>Source Files</Filter></ClCompile>
    <ClCompile Include="$(SrcDir)\crypto\pem\pem_all.c"><Filter>Source Files</Filter></ClCompile>
    <ClCompile Include="$(SrcDir)\crypto\pem\pem_err.c"><Filter>Source Files</Filter></ClCompile>
    <ClCompile Include="$(SrcDir)\crypto\pem\pem_info.c"><Filter>Source Files</Filter></ClCompile>
    <ClCompile Include="$(SrcDir)\crypto\pem\pem_lib.c"><Filter>Source Files</Filter></ClCompile>
    <ClCompile Include="$(SrcDir)\crypto\pem\pem_oth.c"><Filter>Source Files</Filter></ClCompile>
    <ClCompile Include="$(SrcDir)\crypto\pem\pem_pk8.c"><Filter>Source Files</Filter></ClCompile>
    <ClCompile Include="$(SrcDir)\crypto\pem\pem_pkey.c"><Filter>Source Files</Filter></ClCompile>
    <ClCompile Include="$(SrcDir)\crypto\pem\pem_seal.c"><Filter>Source Files</Filter></ClCompile>
    <ClCompile Include="$(SrcDir)\crypto\pem\pem_sign.c"><Filter>Source Files</Filter></ClCompile>
    <ClCompile Include="$(SrcDir)\crypto\pem\pem_x509.c"><Filter>Source Files</Filter></ClCompile>
    <ClCompile Include="$(SrcDir)\crypto\pem\pem_xaux.c"><Filter>Source Files</Filter></ClCompile>
    <ClCompile Include="$(SrcDir)\crypto\pem\pvkfmt.c"><Filter>Source Files</Filter></ClCompile>
    <ClCompile Include="$(SrcDir)\crypto\pkcs12\p12_add.c"><Filter>Source Files</Filter></ClCompile>
    <ClCompile Include="$(SrcDir)\crypto\pkcs12\p12_asn.c"><Filter>Source Files</Filter></ClCompile>
    <ClCompile Include="$(SrcDir)\crypto\pkcs12\p12_attr.c"><Filter>Source Files</Filter></ClCompile>
    <ClCompile Include="$(SrcDir)\crypto\pkcs12\p12_crpt.c"><Filter>Source Files</Filter></ClCompile>
    <ClCompile Include="$(SrcDir)\crypto\pkcs12\p12_crt.c"><Filter>Source Files</Filter></ClCompile>
    <ClCompile Include="$(SrcDir)\crypto\pkcs12\p12_decr.c"><Filter>Source Files</Filter></ClCompile>
    <ClCompile Include="$(SrcDir)\crypto\pkcs12\p12_init.c"><Filter>Source Files</Filter></ClCompile>
    <ClCompile Include="$(SrcDir)\crypto\pkcs12\p12_key.c"><Filter>Source Files</Filter></ClCompile>
    <ClCompile Include="$(SrcDir)\crypto\pkcs12\p12_kiss.c"><Filter>Source Files</Filter></ClCompile>
    <ClCompile Include="$(SrcDir)\crypto\pkcs12\p12_mutl.c"><Filter>Source Files</Filter></ClCompile>
    <ClCompile Include="$(SrcDir)\crypto\pkcs12\p12_npas.c"><Filter>Source Files</Filter></ClCompile>
    <ClCompile Include="$(SrcDir)\crypto\pkcs12\p12_p8d.c"><Filter>Source Files</Filter></ClCompile>
    <ClCompile Include="$(SrcDir)\crypto\pkcs12\p12_p8e.c"><Filter>Source Files</Filter></ClCompile>
    <ClCompile Include="$(SrcDir)\crypto\pkcs12\p12_utl.c"><Filter>Source Files</Filter></ClCompile>
    <ClCompile Include="$(SrcDir)\crypto\pkcs12\pk12err.c"><Filter>Source Files</Filter></ClCompile>
    <ClCompile Include="$(SrcDir)\crypto\pkcs7\bio_pk7.c"><Filter>Source Files</Filter></ClCompile>
    <ClCompile Include="$(SrcDir)\crypto\pkcs7\pk7_asn1.c"><Filter>Source Files</Filter></ClCompile>
    <ClCompile Include="$(SrcDir)\crypto\pkcs7\pk7_attr.c"><Filter>Source Files</Filter></ClCompile>
    <ClCompile Include="$(SrcDir)\crypto\pkcs7\pk7_doit.c"><Filter>Source Files</Filter></ClCompile>
    <ClCompile Include="$(SrcDir)\crypto\pkcs7\pk7_lib.c"><Filter>Source Files</Filter></ClCompile>
    <ClCompile Include="$(SrcDir)\crypto\pkcs7\pk7_mime.c"><Filter>Source Files</Filter></ClCompile>
    <ClCompile Include="$(SrcDir)\crypto\pkcs7\pk7_smime.c"><Filter>Source Files</Filter></ClCompile>
    <ClCompile Include="$(SrcDir)\crypto\pkcs7\pkcs7err.c"><Filter>Source Files</Filter></ClCompile>
    <ClCompile Include="$(SrcDir)\crypto\poly1305\poly1305.c"><Filter>Source Files</Filter></ClCompile>
    <ClCompile Include="$(SrcDir)\crypto\rand\rand_err.c"><Filter>Source Files</Filter></ClCompile>
    <ClCompile Include="$(SrcDir)\crypto\rand\rand_lib.c"><Filter>Source Files</Filter></ClCompile>
    <ClCompile Include="$(SrcDir)\crypto\rand\randfile.c"><Filter>Source Files</Filter></ClCompile>
    <ClCompile Include="$(SrcDir)\crypto\rc2\rc2_cbc.c"><Filter>Source Files</Filter></ClCompile>
    <ClCompile Include="$(SrcDir)\crypto\rc2\rc2_ecb.c"><Filter>Source Files</Filter></ClCompile>
    <ClCompile Include="$(SrcDir)\crypto\rc2\rc2_skey.c"><Filter>Source Files</Filter></ClCompile>
    <ClCompile Include="$(SrcDir)\crypto\rc2\rc2cfb64.c"><Filter>Source Files</Filter></ClCompile>
    <ClCompile Include="$(SrcDir)\crypto\rc2\rc2ofb64.c"><Filter>Source Files</Filter></ClCompile>
    <ClCompile Include="$(SrcDir)\crypto\ripemd\rmd_dgst.c"><Filter>Source Files</Filter></ClCompile>
    <ClCompile Include="$(SrcDir)\crypto\ripemd\rmd_one.c"><Filter>Source Files</Filter></ClCompile>
    <ClCompile Include="$(SrcDir)\crypto\rsa\rsa_ameth.c"><Filter>Source Files</Filter></ClCompile>
    <ClCompile Include="$(SrcDir)\crypto\rsa\rsa_asn1.c"><Filter>Source Files</Filter></ClCompile>
    <ClCompile Include="$(SrcDir)\crypto\rsa\rsa_chk.c"><Filter>Source Files</Filter></ClCompile>
    <ClCompile Include="$(SrcDir)\crypto\rsa\rsa_crpt.c"><Filter>Source Files</Filter></ClCompile>
    <ClCompile Include="$(SrcDir)\crypto\rsa\rsa_depr.c"><Filter>Source Files</Filter></ClCompile>
    <ClCompile Include="$(SrcDir)\crypto\rsa\rsa_eay.c"><Filter>Source Files</Filter></ClCompile>
    <ClCompile Include="$(SrcDir)\crypto\rsa\rsa_err.c"><Filter>Source Files</Filter></ClCompile>
    <ClCompile Include="$(SrcDir)\crypto\rsa\rsa_gen.c"><Filter>Source Files</Filter></ClCompile>
    <ClCompile Include="$(SrcDir)\crypto\rsa\rsa_lib.c"><Filter>Source Files</Filter></ClCompile>
    <ClCompile Include="$(SrcDir)\crypto\rsa\rsa_none.c"><Filter>Source Files</Filter></ClCompile>
    <ClCompile Include="$(SrcDir)\crypto\rsa\rsa_oaep.c"><Filter>Source Files</Filter></ClCompile>
    <ClCompile Include="$(SrcDir)\crypto\rsa\rsa_pk1.c"><Filter>Source Files</Filter></ClCompile>
    <ClCompile Include="$(SrcDir)\crypto\rsa\rsa_pmeth.c"><Filter>Source Files</Filter></ClCompile>
    <ClCompile Include="$(SrcDir)\crypto\rsa\rsa_prn.c"><Filter>Source Files</Filter></ClCompile>
    <ClCompile Include="$(SrcDir)\crypto\rsa\rsa_pss.c"><Filter>Source Files</Filter></ClCompile>
    <ClCompile Include="$(SrcDir)\crypto\rsa\rsa_saos.c"><Filter>Source Files</Filter></ClCompile>
    <ClCompile Include="$(SrcDir)\crypto\rsa\rsa_sign.c"><Filter>Source Files</Filter></ClCompile>
    <ClCompile Include="$(SrcDir)\crypto\rsa\rsa_x931.c"><Filter>Source Files</Filter></ClCompile>
    <ClCompile Include="$(SrcDir)\crypto\sha\sha1_one.c"><Filter>Source Files</Filter></ClCompile>
    <ClCompile Include="$(SrcDir)\crypto\sha\sha256.c"><Filter>Source Files</Filter></ClCompile>
    <ClCompile Include="$(SrcDir)\crypto\sha\sha512.c"><Filter>Source Files</Filter></ClCompile>
    <ClCompile Include="$(SrcDir)\crypto\stack\stack.c"><Filter>Source Files</Filter></ClCompile>
    <ClCompile Include="$(SrcDir)\crypto\ts\ts_asn1.c"><Filter>Source Files</Filter></ClCompile>
    <ClCompile Include="$(SrcDir)\crypto\ts\ts_conf.c"><Filter>Source Files</Filter></ClCompile>
    <ClCompile Include="$(SrcDir)\crypto\ts\ts_err.c"><Filter>Source Files</Filter></ClCompile>
    <ClCompile Include="$(SrcDir)\crypto\ts\ts_lib.c"><Filter>Source Files</Filter></ClCompile>
    <ClCompile Include="$(SrcDir)\crypto\ts\ts_req_print.c"><Filter>Source Files</Filter></ClCompile>
    <ClCompile Include="$(SrcDir)\crypto\ts\ts_req_utils.c"><Filter>Source Files</Filter></ClCompile>
    <ClCompile Include="$(SrcDir)\crypto\ts\ts_rsp_print.c"><Filter>Source Files</Filter></ClCompile>
    <ClCompile Include="$(SrcDir)\crypto\ts\ts_rsp_sign.c"><Filter>Source Files</Filter></ClCompile>
    <ClCompile Include="$(SrcDir)\crypto\ts\ts_rsp_utils.c"><Filter>Source Files</Filter></ClCompile>
    <ClCompile Include="$(SrcDir)\crypto\ts\ts_rsp_verify.c"><Filter>Source Files</Filter></ClCompile>
    <ClCompile Include="$(SrcDir)\crypto\ts\ts_verify_ctx.c"><Filter>Source Files</Filter></ClCompile>
    <ClCompile Include="$(SrcDir)\crypto\txt_db\txt_db.c"><Filter>Source Files</Filter></ClCompile>
    <ClCompile Include="$(SrcDir)\crypto\ui\ui_err.c"><Filter>Source Files</Filter></ClCompile>
    <ClCompile Include="$(SrcDir)\crypto\ui\ui_lib.c"><Filter>Source Files</Filter></ClCompile>
    <ClCompile Include="$(SrcDir)\crypto\ui\ui_util.c"><Filter>Source Files</Filter></ClCompile>
    <ClCompile Include="$(SrcDir)\crypto\whrlpool\wp_dgst.c"><Filter>Source Files</Filter></ClCompile>
    <ClCompile Include="$(SrcDir)\crypto\x509\by_dir.c"><Filter>Source Files</Filter></ClCompile>
    <ClCompile Include="$(SrcDir)\crypto\x509\by_file.c"><Filter>Source Files</Filter></ClCompile>
    <ClCompile Include="$(SrcDir)\crypto\x509\by_mem.c"><Filter>Source Files</Filter></ClCompile>
    <ClCompile Include="$(SrcDir)\crypto\x509\x_all.c"><Filter>Source Files</Filter></ClCompile>
    <ClCompile Include="$(SrcDir)\crypto\bio\b_win.c"><Filter>Source Files</Filter></ClCompile>
    <ClCompile Include="$(SrcDir)\crypto\ui\ui_openssl_win.c"><Filter>Source Files</Filter></ClCompile>
    <ClCompile Include="$(SrcDir)\crypto\compat\posix_win.c"><Filter>Source Files</Filter></ClCompile>
    <ClCompile Include="$(SrcDir)\crypto\compat\bsd-asprintf.c"><Filter>Source Files</Filter></ClCompile>
    <ClCompile Include="$(SrcDir)\crypto\compat\reallocarray.c"><Filter>Source Files</Filter></ClCompile>
    <ClCompile Include="$(SrcDir)\crypto\compat\strcasecmp.c"><Filter>Source Files</Filter></ClCompile>
    <ClCompile Include="$(SrcDir)\crypto\compat\strlcat.c"><Filter>Source Files</Filter></ClCompile>
    <ClCompile Include="$(SrcDir)\crypto\compat\strlcpy.c"><Filter>Source Files</Filter></ClCompile>
    <ClCompile Include="$(SrcDir)\crypto\compat\strndup.c"><Filter>Source Files</Filter></ClCompile>
    <ClCompile Include="$(SrcDir)\crypto\compat\timegm.c"><Filter>Source Files</Filter></ClCompile>
    <ClCompile Include="$(SrcDir)\crypto\compat\explicit_bzero_win.c"><Filter>Source Files</Filter></ClCompile>
    <ClCompile Include="$(SrcDir)\crypto\compat\arc4random.c"><Filter>Source Files</Filter></ClCompile>
    <ClCompile Include="$(SrcDir)\crypto\compat\getentropy_win.c"><Filter>Source Files</Filter></ClCompile>
    <ClCompile Include="$(SrcDir)\crypto\compat\timingsafe_bcmp.c"><Filter>Source Files</Filter></ClCompile>
    <ClCompile Include="$(SrcDir)\crypto\compat\timingsafe_memcmp.c"><Filter>Source Files</Filter></ClCompile>
    <ClCompile Include="$(SrcDir)\crypto\asn1\a_bitstr.c"><Filter>Source Files</Filter></ClCompile>
    <ClCompile Include="$(SrcDir)\crypto\asn1\a_bool.c"><Filter>Source Files</Filter></ClCompile>
    <ClCompile Include="$(SrcDir)\crypto\asn1\a_d2i_fp.c"><Filter>Source Files</Filter></ClCompile>
    <ClCompile Include="$(SrcDir)\crypto\asn1\a_digest.c"><Filter>Source Files</Filter></ClCompile>
    <ClCompile Include="$(SrcDir)\crypto\asn1\a_dup.c"><Filter>Source Files</Filter></ClCompile>
    <ClCompile Include="$(SrcDir)\crypto\asn1\a_enum.c"><Filter>Source Files</Filter></ClCompile>
    <ClCompile Include="$(SrcDir)\crypto\asn1\a_i2d_fp.c"><Filter>Source Files</Filter></ClCompile>
    <ClCompile Include="$(SrcDir)\crypto\asn1\a_int.c"><Filter>Source Files</Filter></ClCompile>
    <ClCompile Include="$(SrcDir)\crypto\asn1\a_mbstr.c"><Filter>Source Files</Filter></ClCompile>
    <ClCompile Include="$(SrcDir)\crypto\asn1\a_object.c"><Filter>Source Files</Filter></ClCompile>
    <ClCompile Include="$(SrcDir)\crypto\asn1\a_octet.c"><Filter>Source Files</Filter></ClCompile>
    <ClCompile Include="$(SrcDir)\crypto\asn1\a_print.c"><Filter>Source Files</Filter></ClCompile>
    <ClCompile Include="$(SrcDir)\crypto\asn1\a_sign.c"><Filter>Source Files</Filter></ClCompile>
    <ClCompile Include="$(SrcDir)\crypto\asn1\a_strex.c"><Filter>Source Files</Filter></ClCompile>
    <ClCompile Include="$(SrcDir)\crypto\asn1\a_strnid.c"><Filter>Source Files</Filter></ClCompile>
    <ClCompile Include="$(SrcDir)\crypto\asn1\a_time.c"><Filter>Source Files</Filter></ClCompile>
    <ClCompile Include="$(SrcDir)\crypto\asn1\a_time_tm.c"><Filter>Source Files</Filter></ClCompile>
    <ClCompile Include="$(SrcDir)\crypto\asn1\a_type.c"><Filter>Source Files</Filter></ClCompile>
    <ClCompile Include="$(SrcDir)\crypto\asn1\a_utf8.c"><Filter>Source Files</Filter></ClCompile>
    <ClCompile Include="$(SrcDir)\crypto\asn1\a_verify.c"><Filter>Source Files</Filter></ClCompile>
    <ClCompile Include="$(SrcDir)\crypto\asn1\ameth_lib.c"><Filter>Source Files</Filter></ClCompile>
    <ClCompile Include="$(SrcDir)\crypto\asn1\asn_mime.c"><Filter>Source Files</Filter></ClCompile>
    <ClCompile Include="$(SrcDir)\crypto\asn1\asn_moid.c"><Filter>Source Files</Filter></ClCompile>
    <ClCompile Include="$(SrcDir)\crypto\asn1\asn_pack.c"><Filter>Source Files</Filter></ClCompile>
    <ClCompile Include="$(SrcDir)\crypto\asn1\asn1_err.c"><Filter>Source Files</Filter></ClCompile>
    <ClCompile Include="$(SrcDir)\crypto\asn1\asn1_gen.c"><Filter>Source Files</Filter></ClCompile>
    <ClCompile Include="$(SrcDir)\crypto\asn1\asn1_lib.c"><Filter>Source Files</Filter></ClCompile>
    <ClCompile Include="$(SrcDir)\crypto\asn1\asn1_par.c"><Filter>Source Files</Filter></ClCompile>
    <ClCompile Include="$(SrcDir)\crypto\asn1\bio_asn1.c"><Filter>Source Files</Filter></ClCompile>
    <ClCompile Include="$(SrcDir)\crypto\evp\bio_b64.c"><Filter>Source Files</Filter></ClCompile>
    <ClCompile Include="$(SrcDir)\crypto\asn1\d2i_pr.c"><Filter>Source Files</Filter></ClCompile>
    <ClCompile Include="$(SrcDir)\crypto\asn1\d2i_pu.c"><Filter>Source Files</Filter></ClCompile>
    <ClCompile Include="$(SrcDir)\crypto\aes\aes_cbc.c"><Filter>Source Files</Filter></ClCompile>
    <ClCompile Include="$(SrcDir)\crypto\aes\aes_cfb.c"><Filter>Source Files</Filter></ClCompile>
    <ClCompile Include="$(SrcDir)\crypto\aes\aes_core.c"><Filter>Source Files</Filter></ClCompile>
    <ClCompile Include="$(SrcDir)\crypto\aes\aes_ctr.c"><Filter>Source Files</Filter></ClCompile>
    <ClCompile Include="$(SrcDir)\crypto\aes\aes_ecb.c"><Filter>Source Files</Filter></ClCompile>
    <ClCompile Include="$(SrcDir)\crypto\aes\aes_ige.c"><Filter>Source Files</Filter></ClCompile>
    <ClCompile Include="$(SrcDir)\crypto\aes\aes_misc.c"><Filter>Source Files</Filter></ClCompile>
    <ClCompile Include="$(SrcDir)\crypto\aes\aes_ofb.c"><Filter>Source Files</Filter></ClCompile>
    <ClCompile Include="$(SrcDir)\crypto\aes\aes_wrap.c"><Filter>Source Files</Filter></ClCompile>
    <ClCompile Include="$(SrcDir)\crypto\bio\bio_meth.c"><Filter>Source Files</Filter></ClCompile>
    <ClCompile Include="$(SrcDir)\crypto\cms\cms_asn1.c"><Filter>Source Files</Filter></ClCompile>
    <ClCompile Include="$(SrcDir)\crypto\cms\cms_att.c"><Filter>Source Files</Filter></ClCompile>
    <ClCompile Include="$(SrcDir)\crypto\cms\cms_cd.c"><Filter>Source Files</Filter></ClCompile>
    <ClCompile Include="$(SrcDir)\crypto\cms\cms_dd.c"><Filter>Source Files</Filter></ClCompile>
    <ClCompile Include="$(SrcDir)\crypto\cms\cms_enc.c"><Filter>Source Files</Filter></ClCompile>
    <ClCompile Include="$(SrcDir)\crypto\cms\cms_env.c"><Filter>Source Files</Filter></ClCompile>
    <ClCompile Include="$(SrcDir)\crypto\cms\cms_err.c"><Filter>Source Files</Filter></ClCompile>
    <ClCompile Include="$(SrcDir)\crypto\cms\cms_ess.c"><Filter>Source Files</Filter></ClCompile>
    <ClCompile Include="$(SrcDir)\crypto\cms\cms_io.c"><Filter>Source Files</Filter></ClCompile>
    <ClCompile Include="$(SrcDir)\crypto\cms\cms_kari.c"><Filter>Source Files</Filter></ClCompile>
    <ClCompile Include="$(SrcDir)\crypto\cms\cms_lib.c"><Filter>Source Files</Filter></ClCompile>
    <ClCompile Include="$(SrcDir)\crypto\cms\cms_pwri.c"><Filter>Source Files</Filter></ClCompile>
    <ClCompile Include="$(SrcDir)\crypto\cms\cms_sd.c"><Filter>Source Files</Filter></ClCompile>
    <ClCompile Include="$(SrcDir)\crypto\cms\cms_smime.c"><Filter>Source Files</Filter></ClCompile>
    <ClCompile Include="$(SrcDir)\crypto\compat\crypto_lock_win.c"><Filter>Source Files</Filter></ClCompile>
    <ClCompile Include="$(SrcDir)\crypto\compat\freezero.c"><Filter>Source Files</Filter></ClCompile>
    <ClCompile Include="$(SrcDir)\crypto\compat\getpagesize.c"><Filter>Source Files</Filter></ClCompile>
    <ClCompile Include="$(SrcDir)\crypto\compat\getprogname_windows.c"><Filter>Source Files</Filter></ClCompile>
    <ClCompile Include="$(SrcDir)\crypto\compat\recallocarray.c"><Filter>Source Files</Filter></ClCompile>
    <ClCompile Include="$(SrcDir)\crypto\compat\strsep.c"><Filter>Source Files</Filter></ClCompile>
    <ClCompile Include="$(SrcDir)\crypto\compat\syslog_r.c"><Filter>Source Files</Filter></ClCompile>
    <ClCompile Include="$(SrcDir)\crypto\curve25519\curve25519.c"><Filter>Source Files</Filter></ClCompile>
    <ClCompile Include="$(SrcDir)\crypto\curve25519\curve25519-generic.c"><Filter>Source Files</Filter></ClCompile>
    <ClCompile Include="$(SrcDir)\crypto\dsa\dsa_meth.c"><Filter>Source Files</Filter></ClCompile>
    <ClCompile Include="$(SrcDir)\crypto\ec\ec_kmeth.c"><Filter>Source Files</Filter></ClCompile>
    <ClCompile Include="$(SrcDir)\crypto\ecdh\ecdh_kdf.c"><Filter>Source Files</Filter></ClCompile>
    <ClCompile Include="$(SrcDir)\crypto\engine\tb_eckey.c"><Filter>Source Files</Filter></ClCompile>
    <ClCompile Include="$(SrcDir)\crypto\evp\e_sm4.c"><Filter>Source Files</Filter></ClCompile>
    <ClCompile Include="$(SrcDir)\crypto\evp\m_md5_sha1.c"><Filter>Source Files</Filter></ClCompile>
    <ClCompile Include="$(SrcDir)\crypto\evp\m_sm3.c"><Filter>Source Files</Filter></ClCompile>
    <ClCompile Include="$(SrcDir)\crypto\hkdf\hkdf.c"><Filter>Source Files</Filter></ClCompile>
    <ClCompile Include="$(SrcDir)\crypto\rsa\rsa_meth.c"><Filter>Source Files</Filter></ClCompile>
    <ClCompile Include="$(SrcDir)\crypto\sm3\sm3.c"><Filter>Source Files</Filter></ClCompile>
    <ClCompile Include="$(SrcDir)\crypto\x509\pcy_cache.c"><Filter>Source Files</Filter></ClCompile>
    <ClCompile Include="$(SrcDir)\crypto\x509\pcy_data.c"><Filter>Source Files</Filter></ClCompile>
    <ClCompile Include="$(SrcDir)\crypto\x509\pcy_lib.c"><Filter>Source Files</Filter></ClCompile>
    <ClCompile Include="$(SrcDir)\crypto\x509\pcy_map.c"><Filter>Source Files</Filter></ClCompile>
    <ClCompile Include="$(SrcDir)\crypto\x509\pcy_node.c"><Filter>Source Files</Filter></ClCompile>
    <ClCompile Include="$(SrcDir)\crypto\x509\pcy_tree.c"><Filter>Source Files</Filter></ClCompile>
    <ClCompile Include="$(SrcDir)\crypto\x509\x509_akey.c"><Filter>Source Files</Filter></ClCompile>
    <ClCompile Include="$(SrcDir)\crypto\x509\x509_akeya.c"><Filter>Source Files</Filter></ClCompile>
    <ClCompile Include="$(SrcDir)\crypto\x509\x509_alt.c"><Filter>Source Files</Filter></ClCompile>
    <ClCompile Include="$(SrcDir)\crypto\x509\x509_att.c"><Filter>Source Files</Filter></ClCompile>
    <ClCompile Include="$(SrcDir)\crypto\x509\x509_bcons.c"><Filter>Source Files</Filter></ClCompile>
    <ClCompile Include="$(SrcDir)\crypto\x509\x509_bitst.c"><Filter>Source Files</Filter></ClCompile>
    <ClCompile Include="$(SrcDir)\crypto\x509\x509_cmp.c"><Filter>Source Files</Filter></ClCompile>
    <ClCompile Include="$(SrcDir)\crypto\x509\x509_conf.c"><Filter>Source Files</Filter></ClCompile>
    <ClCompile Include="$(SrcDir)\crypto\x509\x509_constraints.c"><Filter>Source Files</Filter></ClCompile>
    <ClCompile Include="$(SrcDir)\crypto\x509\x509_cpols.c"><Filter>Source Files</Filter></ClCompile>
    <ClCompile Include="$(SrcDir)\crypto\x509\x509_crld.c"><Filter>Source Files</Filter></ClCompile>
    <ClCompile Include="$(SrcDir)\crypto\x509\x509_d2.c"><Filter>Source Files</Filter></ClCompile>
    <ClCompile Include="$(SrcDir)\crypto\x509\x509_def.c"><Filter>Source Files</Filter></ClCompile>
    <ClCompile Include="$(SrcDir)\crypto\x509\x509_enum.c"><Filter>Source Files</Filter></ClCompile>
    <ClCompile Include="$(SrcDir)\crypto\x509\x509_err.c"><Filter>Source Files</Filter></ClCompile>
    <ClCompile Include="$(SrcDir)\crypto\x509\x509_ext.c"><Filter>Source Files</Filter></ClCompile>
    <ClCompile Include="$(SrcDir)\crypto\x509\x509_extku.c"><Filter>Source Files</Filter></ClCompile>
    <ClCompile Include="$(SrcDir)\crypto\x509\x509_genn.c"><Filter>Source Files</Filter></ClCompile>
    <ClCompile Include="$(SrcDir)\crypto\x509\x509_ia5.c"><Filter>Source Files</Filter></ClCompile>
    <ClCompile Include="$(SrcDir)\crypto\x509\x509_info.c"><Filter>Source Files</Filter></ClCompile>
    <ClCompile Include="$(SrcDir)\crypto\x509\x509_int.c"><Filter>Source Files</Filter></ClCompile>
    <ClCompile Include="$(SrcDir)\crypto\x509\x509_issuer_cache.c"><Filter>Source Files</Filter></ClCompile>
    <ClCompile Include="$(SrcDir)\crypto\x509\x509_lib.c"><Filter>Source Files</Filter></ClCompile>
    <ClCompile Include="$(SrcDir)\crypto\x509\x509_lu.c"><Filter>Source Files</Filter></ClCompile>
    <ClCompile Include="$(SrcDir)\crypto\x509\x509_ncons.c"><Filter>Source Files</Filter></ClCompile>
    <ClCompile Include="$(SrcDir)\crypto\x509\x509_obj.c"><Filter>Source Files</Filter></ClCompile>
    <ClCompile Include="$(SrcDir)\crypto\x509\x509_ocsp.c"><Filter>Source Files</Filter></ClCompile>
    <ClCompile Include="$(SrcDir)\crypto\x509\x509_pci.c"><Filter>Source Files</Filter></ClCompile>
    <ClCompile Include="$(SrcDir)\crypto\x509\x509_pcia.c"><Filter>Source Files</Filter></ClCompile>
    <ClCompile Include="$(SrcDir)\crypto\x509\x509_pcons.c"><Filter>Source Files</Filter></ClCompile>
    <ClCompile Include="$(SrcDir)\crypto\x509\x509_pku.c"><Filter>Source Files</Filter></ClCompile>
    <ClCompile Include="$(SrcDir)\crypto\x509\x509_pmaps.c"><Filter>Source Files</Filter></ClCompile>
    <ClCompile Include="$(SrcDir)\crypto\x509\x509_prn.c"><Filter>Source Files</Filter></ClCompile>
    <ClCompile Include="$(SrcDir)\crypto\x509\x509_purp.c"><Filter>Source Files</Filter></ClCompile>
    <ClCompile Include="$(SrcDir)\crypto\x509\x509_r2x.c"><Filter>Source Files</Filter></ClCompile>
    <ClCompile Include="$(SrcDir)\crypto\x509\x509_req.c"><Filter>Source Files</Filter></ClCompile>
    <ClCompile Include="$(SrcDir)\crypto\x509\x509_set.c"><Filter>Source Files</Filter></ClCompile>
    <ClCompile Include="$(SrcDir)\crypto\x509\x509_skey.c"><Filter>Source Files</Filter></ClCompile>
    <ClCompile Include="$(SrcDir)\crypto\x509\x509_sxnet.c"><Filter>Source Files</Filter></ClCompile>
    <ClCompile Include="$(SrcDir)\crypto\x509\x509_trs.c"><Filter>Source Files</Filter></ClCompile>
    <ClCompile Include="$(SrcDir)\crypto\x509\x509_txt.c"><Filter>Source Files</Filter></ClCompile>
    <ClCompile Include="$(SrcDir)\crypto\x509\x509_utl.c"><Filter>Source Files</Filter></ClCompile>
    <ClCompile Include="$(SrcDir)\crypto\x509\x509_v3.c"><Filter>Source Files</Filter></ClCompile>
    <ClCompile Include="$(SrcDir)\crypto\x509\x509_verify.c"><Filter>Source Files</Filter></ClCompile>
    <ClCompile Include="$(SrcDir)\crypto\x509\x509_vfy.c"><Filter>Source Files</Filter></ClCompile>
    <ClCompile Include="$(SrcDir)\crypto\x509\x509_vpm.c"><Filter>Source Files</Filter></ClCompile>
    <ClCompile Include="$(SrcDir)\crypto\x509\x509cset.c"><Filter>Source Files</Filter></ClCompile>
    <ClCompile Include="$(SrcDir)\crypto\x509\x509name.c"><Filter>Source Files</Filter></ClCompile>
    <ClCompile Include="$(SrcDir)\crypto\x509\x509rset.c"><Filter>Source Files</Filter></ClCompile>
    <ClCompile Include="$(SrcDir)\crypto\x509\x509spki.c"><Filter>Source Files</Filter></ClCompile>
    <ClCompile Include="$(SrcDir)\crypto\x509\x509type.c"><Filter>Source Files</Filter></ClCompile>
    <ClCompile Include="$(SrcDir)\crypto\crypto_init.c"><Filter>Source Files</Filter></ClCompile>
    <ClCompile Include="$(SrcDir)\crypto\sm4\sm4.c"><Filter>Source Files</Filter></ClCompile>
    <ClCompile Include="$(SrcDir)\crypto\sha\sha1dgst.c"><Filter>Source Files</Filter></ClCompile>
  </ItemGroup>
</Project>